
Microsoft Visual Studio Solution File, Format Version 12.00
# Visual Studio Version 16
VisualStudioVersion = 16.0.30907.101
MinimumVisualStudioVersion = 10.0.40219.1
Project("{FAE04EC0-301F-11D3-BF4B-00C04F79EFBC}") = "ExamProject", "ExamProject\ExamProject.csproj", "{0C2BDE6F-AC83-4179-B75E-243F5BC55A75}"
EndProject
Global
	GlobalSection(SolutionConfigurationPlatforms) = preSolution
		Debug|Any CPU = Debug|Any CPU
		Release|Any CPU = Release|Any CPU
	EndGlobalSection
	GlobalSection(ProjectConfigurationPlatforms) = postSolution
		{0C2BDE6F-AC83-4179-B75E-243F5BC55A75}.Debug|Any CPU.ActiveCfg = Debug|Any CPU
		{0C2BDE6F-AC83-4179-B75E-243F5BC55A75}.Debug|Any CPU.Build.0 = Debug|Any CPU
		{0C2BDE6F-AC83-4179-B75E-243F5BC55A75}.Release|Any CPU.ActiveCfg = Release|Any CPU
		{0C2BDE6F-AC83-4179-B75E-243F5BC55A75}.Release|Any CPU.Build.0 = Release|Any CPU
	EndGlobalSection
	GlobalSection(SolutionProperties) = preSolution
		HideSolutionNode = FALSE
	EndGlobalSection
	GlobalSection(ExtensibilityGlobals) = postSolution
		SolutionGuid = {3CEB9D18-508B-46EA-A551-623DA8C26A3A}
	EndGlobalSection
EndGlobal
